
Microsoft Visual Studio Solution File, Format Version 12.00
# Visual Studio 14
VisualStudioVersion = 14.0.25420.1
MinimumVisualStudioVersion = 10.0.40219.1
Project("{FAE04EC0-301F-11D3-BF4B-00C04F79EFBC}") = "WebOne", "WebOne\WebOne.csproj", "{D3AD6790-58EE-4FB8-8A4B-3CC8F244E00A}"
EndProject
Project("{FAE04EC0-301F-11D3-BF4B-00C04F79EFBC}") = "Apps.WebApi", "Apps.WebApi\Apps.WebApi.csproj", "{6A846E0C-60B3-4990-A646-C4E9DAAA2B5B}"
EndProject
Project("{FAE04EC0-301F-11D3-BF4B-00C04F79EFBC}") = "Apps.Models", "Apps.Models\Apps.Models.csproj", "{64C66020-76B3-4D15-8C0A-1EC5DC588FF2}"
EndProject
Project("{FAE04EC0-301F-11D3-BF4B-00C04F79EFBC}") = "Apps.Locale", "Apps.Locale\Apps.Locale.csproj", "{1B6D3C41-B408-489A-ABEE-2BB78872715C}"
EndProject
Project("{FAE04EC0-301F-11D3-BF4B-00C04F79EFBC}") = "Apps.Jobs", "Apps.Jobs\Apps.Jobs.csproj", "{9286ED13-86F7-4F72-876F-80671F16E1BB}"
EndProject
Project("{FAE04EC0-301F-11D3-BF4B-00C04F79EFBC}") = "Apps.Core", "Apps.Core\Apps.Core.csproj", "{F170D051-370A-44B0-B04D-B58D8C5A6A13}"
EndProject
Project("{FAE04EC0-301F-11D3-BF4B-00C04F79EFBC}") = "Apps.Common", "Apps.Common\Apps.Common.csproj", "{580B73AC-9EA2-4AF7-BCA1-1D4A113B404D}"
EndProject
Project("{2150E333-8FDC-42A3-9474-1A3956D46DE8}") = "Apps.Base", "Apps.Base", "{A8740712-872C-46C0-A4BD-BD425132011A}"
EndProject
Project("{FAE04EC0-301F-11D3-BF4B-00C04F79EFBC}") = "Apps.BLL", "Apps.BLL\Apps.BLL.csproj", "{80D0BD4E-E688-4781-99F4-ECCD969A43D0}"
EndProject
Project("{FAE04EC0-301F-11D3-BF4B-00C04F79EFBC}") = "Apps.DAL", "Apps.DAL\Apps.DAL.csproj", "{9EFDB32B-A3BE-4763-B568-69F96B794BA4}"
EndProject
Project("{FAE04EC0-301F-11D3-BF4B-00C04F79EFBC}") = "Apps.IBLL", "Apps.IBLL\Apps.IBLL.csproj", "{5F6090FF-4607-49E5-BBE4-90546D70FCE9}"
EndProject
Project("{FAE04EC0-301F-11D3-BF4B-00C04F79EFBC}") = "Apps.IDAL", "Apps.IDAL\Apps.IDAL.csproj", "{6674D89D-7B2B-42CA-8A9B-DA3F35AA2E26}"
EndProject
Global
	GlobalSection(SolutionConfigurationPlatforms) = preSolution
		Debug|Any CPU = Debug|Any CPU
		Release|Any CPU = Release|Any CPU
	EndGlobalSection
	GlobalSection(ProjectConfigurationPlatforms) = postSolution
		{D3AD6790-58EE-4FB8-8A4B-3CC8F244E00A}.Debug|Any CPU.ActiveCfg = Debug|Any CPU
		{D3AD6790-58EE-4FB8-8A4B-3CC8F244E00A}.Debug|Any CPU.Build.0 = Debug|Any CPU
		{D3AD6790-58EE-4FB8-8A4B-3CC8F244E00A}.Release|Any CPU.ActiveCfg = Release|Any CPU
		{D3AD6790-58EE-4FB8-8A4B-3CC8F244E00A}.Release|Any CPU.Build.0 = Release|Any CPU
		{6A846E0C-60B3-4990-A646-C4E9DAAA2B5B}.Debug|Any CPU.ActiveCfg = Debug|Any CPU
		{6A846E0C-60B3-4990-A646-C4E9DAAA2B5B}.Debug|Any CPU.Build.0 = Debug|Any CPU
		{6A846E0C-60B3-4990-A646-C4E9DAAA2B5B}.Release|Any CPU.ActiveCfg = Release|Any CPU
		{6A846E0C-60B3-4990-A646-C4E9DAAA2B5B}.Release|Any CPU.Build.0 = Release|Any CPU
		{64C66020-76B3-4D15-8C0A-1EC5DC588FF2}.Debug|Any CPU.ActiveCfg = Debug|Any CPU
		{64C66020-76B3-4D15-8C0A-1EC5DC588FF2}.Debug|Any CPU.Build.0 = Debug|Any CPU
		{64C66020-76B3-4D15-8C0A-1EC5DC588FF2}.Release|Any CPU.ActiveCfg = Release|Any CPU
		{64C66020-76B3-4D15-8C0A-1EC5DC588FF2}.Release|Any CPU.Build.0 = Release|Any CPU
		{1B6D3C41-B408-489A-ABEE-2BB78872715C}.Debug|Any CPU.ActiveCfg = Debug|Any CPU
		{1B6D3C41-B408-489A-ABEE-2BB78872715C}.Debug|Any CPU.Build.0 = Debug|Any CPU
		{1B6D3C41-B408-489A-ABEE-2BB78872715C}.Release|Any CPU.ActiveCfg = Release|Any CPU
		{1B6D3C41-B408-489A-ABEE-2BB78872715C}.Release|Any CPU.Build.0 = Release|Any CPU
		{9286ED13-86F7-4F72-876F-80671F16E1BB}.Debug|Any CPU.ActiveCfg = Debug|Any CPU
		{9286ED13-86F7-4F72-876F-80671F16E1BB}.Debug|Any CPU.Build.0 = Debug|Any CPU
		{9286ED13-86F7-4F72-876F-80671F16E1BB}.Release|Any CPU.ActiveCfg = Release|Any CPU
		{9286ED13-86F7-4F72-876F-80671F16E1BB}.Release|Any CPU.Build.0 = Release|Any CPU
		{F170D051-370A-44B0-B04D-B58D8C5A6A13}.Debug|Any CPU.ActiveCfg = Debug|Any CPU
		{F170D051-370A-44B0-B04D-B58D8C5A6A13}.Debug|Any CPU.Build.0 = Debug|Any CPU
		{F170D051-370A-44B0-B04D-B58D8C5A6A13}.Release|Any CPU.ActiveCfg = Release|Any CPU
		{F170D051-370A-44B0-B04D-B58D8C5A6A13}.Release|Any CPU.Build.0 = Release|Any CPU
		{580B73AC-9EA2-4AF7-BCA1-1D4A113B404D}.Debug|Any CPU.ActiveCfg = Debug|Any CPU
		{580B73AC-9EA2-4AF7-BCA1-1D4A113B404D}.Debug|Any CPU.Build.0 = Debug|Any CPU
		{580B73AC-9EA2-4AF7-BCA1-1D4A113B404D}.Release|Any CPU.ActiveCfg = Release|Any CPU
		{580B73AC-9EA2-4AF7-BCA1-1D4A113B404D}.Release|Any CPU.Build.0 = Release|Any CPU
		{80D0BD4E-E688-4781-99F4-ECCD969A43D0}.Debug|Any CPU.ActiveCfg = Debug|Any CPU
		{80D0BD4E-E688-4781-99F4-ECCD969A43D0}.Debug|Any CPU.Build.0 = Debug|Any CPU
		{80D0BD4E-E688-4781-99F4-ECCD969A43D0}.Release|Any CPU.ActiveCfg = Release|Any CPU
		{80D0BD4E-E688-4781-99F4-ECCD969A43D0}.Release|Any CPU.Build.0 = Release|Any CPU
		{9EFDB32B-A3BE-4763-B568-69F96B794BA4}.Debug|Any CPU.ActiveCfg = Debug|Any CPU
		{9EFDB32B-A3BE-4763-B568-69F96B794BA4}.Debug|Any CPU.Build.0 = Debug|Any CPU
		{9EFDB32B-A3BE-4763-B568-69F96B794BA4}.Release|Any CPU.ActiveCfg = Release|Any CPU
		{9EFDB32B-A3BE-4763-B568-69F96B794BA4}.Release|Any CPU.Build.0 = Release|Any CPU
		{5F6090FF-4607-49E5-BBE4-90546D70FCE9}.Debug|Any CPU.ActiveCfg = Debug|Any CPU
		{5F6090FF-4607-49E5-BBE4-90546D70FCE9}.Debug|Any CPU.Build.0 = Debug|Any CPU
		{5F6090FF-4607-49E5-BBE4-90546D70FCE9}.Release|Any CPU.ActiveCfg = Release|Any CPU
		{5F6090FF-4607-49E5-BBE4-90546D70FCE9}.Release|Any CPU.Build.0 = Release|Any CPU
		{6674D89D-7B2B-42CA-8A9B-DA3F35AA2E26}.Debug|Any CPU.ActiveCfg = Debug|Any CPU
		{6674D89D-7B2B-42CA-8A9B-DA3F35AA2E26}.Debug|Any CPU.Build.0 = Debug|Any CPU
		{6674D89D-7B2B-42CA-8A9B-DA3F35AA2E26}.Release|Any CPU.ActiveCfg = Release|Any CPU
		{6674D89D-7B2B-42CA-8A9B-DA3F35AA2E26}.Release|Any CPU.Build.0 = Release|Any CPU
	EndGlobalSection
	GlobalSection(SolutionProperties) = preSolution
		HideSolutionNode = FALSE
	EndGlobalSection
	GlobalSection(NestedProjects) = preSolution
		{80D0BD4E-E688-4781-99F4-ECCD969A43D0} = {A8740712-872C-46C0-A4BD-BD425132011A}
		{9EFDB32B-A3BE-4763-B568-69F96B794BA4} = {A8740712-872C-46C0-A4BD-BD425132011A}
		{5F6090FF-4607-49E5-BBE4-90546D70FCE9} = {A8740712-872C-46C0-A4BD-BD425132011A}
		{6674D89D-7B2B-42CA-8A9B-DA3F35AA2E26} = {A8740712-872C-46C0-A4BD-BD425132011A}
	EndGlobalSection
EndGlobal
